
Microsoft Visual Studio Solution File, Format Version 12.00
# Visual Studio Version 16
VisualStudioVersion = 16.0.30204.135
MinimumVisualStudioVersion = 10.0.40219.1
Project("{FAE04EC0-301F-11D3-BF4B-00C04F79EFBC}") = "Classification", "Classification\Classification.csproj", "{9AE51864-01E9-46D0-98A6-F15379A31259}"
EndProject
Global
	GlobalSection(SolutionConfigurationPlatforms) = preSolution
		Debug|Any CPU = Debug|Any CPU
		Release|Any CPU = Release|Any CPU
	EndGlobalSection
	GlobalSection(ProjectConfigurationPlatforms) = postSolution
		{9AE51864-01E9-46D0-98A6-F15379A31259}.Debug|Any CPU.ActiveCfg = Debug|Any CPU
		{9AE51864-01E9-46D0-98A6-F15379A31259}.Debug|Any CPU.Build.0 = Debug|Any CPU
		{9AE51864-01E9-46D0-98A6-F15379A31259}.Release|Any CPU.ActiveCfg = Release|Any CPU
		{9AE51864-01E9-46D0-98A6-F15379A31259}.Release|Any CPU.Build.0 = Release|Any CPU
	EndGlobalSection
	GlobalSection(SolutionProperties) = preSolution
		HideSolutionNode = FALSE
	EndGlobalSection
	GlobalSection(ExtensibilityGlobals) = postSolution
		SolutionGuid = {C39BFF02-B83B-432E-ADDB-7750EFD0A8F5}
	EndGlobalSection
EndGlobal
